
Microsoft Visual Studio Solution File, Format Version 12.00
# Visual Studio Version 17
VisualStudioVersion = 17.0.31903.59
MinimumVisualStudioVersion = 10.0.40219.1
Project("{FAE04EC0-301F-11D3-BF4B-00C04F79EFBC}") = "TuneVault.Domain", "TuneVault.Domain\TuneVault.Domain.csproj", "{0BB20D33-FAC4-48C5-813E-25BCF6B6D8F5}"
EndProject
Project("{FAE04EC0-301F-11D3-BF4B-00C04F79EFBC}") = "TuneVault.Application", "TuneVault.Application\TuneVault.Application.csproj", "{6127FC07-5171-4322-8205-4937BA7816E4}"
EndProject
Project("{FAE04EC0-301F-11D3-BF4B-00C04F79EFBC}") = "TuneVault.Infrastructure", "TuneVault.Infrastructure\TuneVault.Infrastructure.csproj", "{E338C702-7372-46BD-BDCE-1CCF39CE3B94}"
EndProject
Project("{FAE04EC0-301F-11D3-BF4B-00C04F79EFBC}") = "TuneVault.API", "TuneVault.API\TuneVault.API.csproj", "{24A092C6-78B3-49AD-9405-A67FAF185C70}"
EndProject
Global
	GlobalSection(SolutionConfigurationPlatforms) = preSolution
		Debug|Any CPU = Debug|Any CPU
		Release|Any CPU = Release|Any CPU
	EndGlobalSection
	GlobalSection(SolutionProperties) = preSolution
		HideSolutionNode = FALSE
	EndGlobalSection
	GlobalSection(ProjectConfigurationPlatforms) = postSolution
		{0BB20D33-FAC4-48C5-813E-25BCF6B6D8F5}.Debug|Any CPU.ActiveCfg = Debug|Any CPU
		{0BB20D33-FAC4-48C5-813E-25BCF6B6D8F5}.Debug|Any CPU.Build.0 = Debug|Any CPU
		{0BB20D33-FAC4-48C5-813E-25BCF6B6D8F5}.Release|Any CPU.ActiveCfg = Release|Any CPU
		{0BB20D33-FAC4-48C5-813E-25BCF6B6D8F5}.Release|Any CPU.Build.0 = Release|Any CPU
		{6127FC07-5171-4322-8205-4937BA7816E4}.Debug|Any CPU.ActiveCfg = Debug|Any CPU
		{6127FC07-5171-4322-8205-4937BA7816E4}.Debug|Any CPU.Build.0 = Debug|Any CPU
		{6127FC07-5171-4322-8205-4937BA7816E4}.Release|Any CPU.ActiveCfg = Release|Any CPU
		{6127FC07-5171-4322-8205-4937BA7816E4}.Release|Any CPU.Build.0 = Release|Any CPU
		{E338C702-7372-46BD-BDCE-1CCF39CE3B94}.Debug|Any CPU.ActiveCfg = Debug|Any CPU
		{E338C702-7372-46BD-BDCE-1CCF39CE3B94}.Debug|Any CPU.Build.0 = Debug|Any CPU
		{E338C702-7372-46BD-BDCE-1CCF39CE3B94}.Release|Any CPU.ActiveCfg = Release|Any CPU
		{E338C702-7372-46BD-BDCE-1CCF39CE3B94}.Release|Any CPU.Build.0 = Release|Any CPU
		{24A092C6-78B3-49AD-9405-A67FAF185C70}.Debug|Any CPU.ActiveCfg = Debug|Any CPU
		{24A092C6-78B3-49AD-9405-A67FAF185C70}.Debug|Any CPU.Build.0 = Debug|Any CPU
		{24A092C6-78B3-49AD-9405-A67FAF185C70}.Release|Any CPU.ActiveCfg = Release|Any CPU
		{24A092C6-78B3-49AD-9405-A67FAF185C70}.Release|Any CPU.Build.0 = Release|Any CPU
	EndGlobalSection
EndGlobal
